// !$*UTF8*$!
{
	archiveVersion = 1;
	classes = {
	};
	objectVersion = 56;
	objects = {

/* Begin PBXBuildFile section */
		2A6E1B329DD461BFBFA65007 /* Pods_HearthstoneApp.framework in Frameworks */ = {isa = PBXBuildFile; fileRef = 2A9B6B5DEE5EB14994C216AF /* Pods_HearthstoneApp.framework */; };
		D3122CF22B1A243A001AB3CB /* AppDelegate.swift in Sources */ = {isa = PBXBuildFile; fileRef = D3122CF12B1A243A001AB3CB /* AppDelegate.swift */; };
		D3122CF42B1A243A001AB3CB /* SceneDelegate.swift in Sources */ = {isa = PBXBuildFile; fileRef = D3122CF32B1A243A001AB3CB /* SceneDelegate.swift */; };
		D3122CFB2B1A243C001AB3CB /* Assets.xcassets in Resources */ = {isa = PBXBuildFile; fileRef = D3122CFA2B1A243C001AB3CB /* Assets.xcassets */; };
		D3122CFE2B1A243C001AB3CB /* LaunchScreen.storyboard in Resources */ = {isa = PBXBuildFile; fileRef = D3122CFC2B1A243C001AB3CB /* LaunchScreen.storyboard */; };
		D3122D222B1A2538001AB3CB /* GoogleService-Info.plist in Resources */ = {isa = PBXBuildFile; fileRef = D3122D212B1A2538001AB3CB /* GoogleService-Info.plist */; };
		D3122D282B1A2C49001AB3CB /* FirebaseAuth in Frameworks */ = {isa = PBXBuildFile; productRef = D3122D272B1A2C49001AB3CB /* FirebaseAuth */; };
		D3122D2B2B1A2E17001AB3CB /* LoginScreen.swift in Sources */ = {isa = PBXBuildFile; fileRef = D3122D2A2B1A2E17001AB3CB /* LoginScreen.swift */; };
		D3122D2D2B1A2E2A001AB3CB /* LoginViewController.swift in Sources */ = {isa = PBXBuildFile; fileRef = D3122D2C2B1A2E2A001AB3CB /* LoginViewController.swift */; };
		D3122D2F2B1A2E43001AB3CB /* LoginViewModel.swift in Sources */ = {isa = PBXBuildFile; fileRef = D3122D2E2B1A2E43001AB3CB /* LoginViewModel.swift */; };
		D3122D352B1A2EDE001AB3CB /* SignUpViewController.swift in Sources */ = {isa = PBXBuildFile; fileRef = D3122D342B1A2EDE001AB3CB /* SignUpViewController.swift */; };
		D3122D372B1A2EF0001AB3CB /* SignUpScreen.swift in Sources */ = {isa = PBXBuildFile; fileRef = D3122D362B1A2EF0001AB3CB /* SignUpScreen.swift */; };
		D3122D392B1A2F03001AB3CB /* SignUpViewModel.swift in Sources */ = {isa = PBXBuildFile; fileRef = D3122D382B1A2F03001AB3CB /* SignUpViewModel.swift */; };
		D3122D3E2B1A348F001AB3CB /* RegisterUserRequest.swift in Sources */ = {isa = PBXBuildFile; fileRef = D3122D3D2B1A348F001AB3CB /* RegisterUserRequest.swift */; };
		D3122D422B1A36F7001AB3CB /* UIView.swift in Sources */ = {isa = PBXBuildFile; fileRef = D3122D412B1A36F7001AB3CB /* UIView.swift */; };
		D3122D442B1A3748001AB3CB /* Codeview.swift in Sources */ = {isa = PBXBuildFile; fileRef = D3122D432B1A3748001AB3CB /* Codeview.swift */; };
		D3122D462B1A5061001AB3CB /* AddAccount.swift in Sources */ = {isa = PBXBuildFile; fileRef = D3122D452B1A5061001AB3CB /* AddAccount.swift */; };
		D3122D502B1A527A001AB3CB /* AuthService.swift in Sources */ = {isa = PBXBuildFile; fileRef = D3122D4F2B1A527A001AB3CB /* AuthService.swift */; };
		D31470CD2B20CC1800F9EF3E /* HomeViewModel.swift in Sources */ = {isa = PBXBuildFile; fileRef = D31470CC2B20CC1800F9EF3E /* HomeViewModel.swift */; };
		D31470D12B20FFB000F9EF3E /* CardModel.swift in Sources */ = {isa = PBXBuildFile; fileRef = D31470D02B20FFB000F9EF3E /* CardModel.swift */; };
		D31470D32B21015700F9EF3E /* Data.swift in Sources */ = {isa = PBXBuildFile; fileRef = D31470D22B21015700F9EF3E /* Data.swift */; };
		D31470D52B21079D00F9EF3E /* HomeScreen.swift in Sources */ = {isa = PBXBuildFile; fileRef = D31470D42B21079D00F9EF3E /* HomeScreen.swift */; };
		D31470D72B225CCC00F9EF3E /* HomeBuilder.swift in Sources */ = {isa = PBXBuildFile; fileRef = D31470D62B225CCC00F9EF3E /* HomeBuilder.swift */; };
		D31470D92B226F3B00F9EF3E /* CardCategorieCell.swift in Sources */ = {isa = PBXBuildFile; fileRef = D31470D82B226F3B00F9EF3E /* CardCategorieCell.swift */; };
		D31470DB2B22718D00F9EF3E /* CardCategorieCollectionViewCell.swift in Sources */ = {isa = PBXBuildFile; fileRef = D31470DA2B22718D00F9EF3E /* CardCategorieCollectionViewCell.swift */; };
		D31470E42B2378F100F9EF3E /* UIImageView.swift in Sources */ = {isa = PBXBuildFile; fileRef = D31470E32B2378F100F9EF3E /* UIImageView.swift */; };
		D32143A12B29EEFF0051CBA0 /* RequestPath.swift in Sources */ = {isa = PBXBuildFile; fileRef = D32143A02B29EEFF0051CBA0 /* RequestPath.swift */; };
		D32143A52B2A6EDD0051CBA0 /* LoginAccountTests.swift in Sources */ = {isa = PBXBuildFile; fileRef = D32143A42B2A6EDD0051CBA0 /* LoginAccountTests.swift */; };
		D32143A72B2A80DC0051CBA0 /* AuthenticationSpy.swift in Sources */ = {isa = PBXBuildFile; fileRef = D32143A62B2A80DC0051CBA0 /* AuthenticationSpy.swift */; };
		D32143A92B2B536C0051CBA0 /* AddAccountTests.swift in Sources */ = {isa = PBXBuildFile; fileRef = D32143A82B2B536C0051CBA0 /* AddAccountTests.swift */; };
		D32143AD2B2B7B000051CBA0 /* NetworkGetServiceTests.swift in Sources */ = {isa = PBXBuildFile; fileRef = D32143AC2B2B7B000051CBA0 /* NetworkGetServiceTests.swift */; };
		D32143AF2B2B7BAF0051CBA0 /* UrlProtocolStub.swift in Sources */ = {isa = PBXBuildFile; fileRef = D32143AE2B2B7BAF0051CBA0 /* UrlProtocolStub.swift */; };
		D32143B22B2B7C910051CBA0 /* TestsFactorys.swift in Sources */ = {isa = PBXBuildFile; fileRef = D32143B12B2B7C910051CBA0 /* TestsFactorys.swift */; };
		D32143B42B2B7D400051CBA0 /* TestsExtensions.swift in Sources */ = {isa = PBXBuildFile; fileRef = D32143B32B2B7D400051CBA0 /* TestsExtensions.swift */; };
		D32143B92B2B81410051CBA0 /* MainCoordinatorTests.swift in Sources */ = {isa = PBXBuildFile; fileRef = D32143B82B2B81410051CBA0 /* MainCoordinatorTests.swift */; };
		D32143BB2B2B8D220051CBA0 /* HomeViewModelTests.swift in Sources */ = {isa = PBXBuildFile; fileRef = D32143BA2B2B8D220051CBA0 /* HomeViewModelTests.swift */; };
		D32D20922B289F3E0006958F /* CardListBuilder.swift in Sources */ = {isa = PBXBuildFile; fileRef = D32D20912B289F3E0006958F /* CardListBuilder.swift */; };
		D32D20942B2901E70006958F /* CardCollectionViewCell.swift in Sources */ = {isa = PBXBuildFile; fileRef = D32D20932B2901E70006958F /* CardCollectionViewCell.swift */; };
		D32D20962B29268A0006958F /* UIColor.swift in Sources */ = {isa = PBXBuildFile; fileRef = D32D20952B29268A0006958F /* UIColor.swift */; };
		D34878D12B2BD1EC00FAB6B5 /* HttpGetClientSpy.swift in Sources */ = {isa = PBXBuildFile; fileRef = D34878D02B2BD1EC00FAB6B5 /* HttpGetClientSpy.swift */; };
		D362B31D2B26364000A50CFB /* CardCategorieModel.swift in Sources */ = {isa = PBXBuildFile; fileRef = D362B31C2B26364000A50CFB /* CardCategorieModel.swift */; };
		D38193032B30DEC700F8B6B7 /* CardListViewModelProtocol.swift in Sources */ = {isa = PBXBuildFile; fileRef = D38193022B30DEC700F8B6B7 /* CardListViewModelProtocol.swift */; };
		D38193062B30E3DA00F8B6B7 /* CardCategorieCellProtocol.swift in Sources */ = {isa = PBXBuildFile; fileRef = D38193052B30E3DA00F8B6B7 /* CardCategorieCellProtocol.swift */; };
		D38193082B30E42B00F8B6B7 /* SignUpViewModelProtocol.swift in Sources */ = {isa = PBXBuildFile; fileRef = D38193072B30E42B00F8B6B7 /* SignUpViewModelProtocol.swift */; };
		D381930A2B30F01900F8B6B7 /* LoginViewModelProtocol.swift in Sources */ = {isa = PBXBuildFile; fileRef = D38193092B30F01900F8B6B7 /* LoginViewModelProtocol.swift */; };
		D382FAEA2B31EF8300F74DE2 /* CustomTextField.swift in Sources */ = {isa = PBXBuildFile; fileRef = D382FAE92B31EF8300F74DE2 /* CustomTextField.swift */; };
		D387E9FB2B1E053100A152D0 /* LoginAccount.swift in Sources */ = {isa = PBXBuildFile; fileRef = D387E9FA2B1E053100A152D0 /* LoginAccount.swift */; };
		D387E9FD2B1E178B00A152D0 /* LoginViewModelTests.swift in Sources */ = {isa = PBXBuildFile; fileRef = D387E9FC2B1E178B00A152D0 /* LoginViewModelTests.swift */; };
		D387EA032B1E39FD00A152D0 /* SignUpBuilder.swift in Sources */ = {isa = PBXBuildFile; fileRef = D387EA022B1E39FD00A152D0 /* SignUpBuilder.swift */; };
		D387EA052B1E432A00A152D0 /* LoginAccountSpy.swift in Sources */ = {isa = PBXBuildFile; fileRef = D387EA042B1E432A00A152D0 /* LoginAccountSpy.swift */; };
		D387EA072B1E445C00A152D0 /* SignInBuilder.swift in Sources */ = {isa = PBXBuildFile; fileRef = D387EA062B1E445C00A152D0 /* SignInBuilder.swift */; };
		D387EA112B1E4D7000A152D0 /* EmailValidator.swift in Sources */ = {isa = PBXBuildFile; fileRef = D387EA102B1E4D7000A152D0 /* EmailValidator.swift */; };
		D387EA132B1E4E6000A152D0 /* EmailValidationProtocol.swift in Sources */ = {isa = PBXBuildFile; fileRef = D387EA122B1E4E6000A152D0 /* EmailValidationProtocol.swift */; };
		D38CF0052B1D2F9400D5591A /* AddAccountSpy.swift in Sources */ = {isa = PBXBuildFile; fileRef = D38CF0042B1D2F9400D5591A /* AddAccountSpy.swift */; };
		D38CF0072B1D2FC100D5591A /* AlertViewSpy.swift in Sources */ = {isa = PBXBuildFile; fileRef = D38CF0062B1D2FC100D5591A /* AlertViewSpy.swift */; };
		D38CF00B2B1D3B5500D5591A /* LoginModel.swift in Sources */ = {isa = PBXBuildFile; fileRef = D38CF00A2B1D3B5500D5591A /* LoginModel.swift */; };
		D3A1FBB12B275848005456B1 /* CardListScreen.swift in Sources */ = {isa = PBXBuildFile; fileRef = D3A1FBB02B275848005456B1 /* CardListScreen.swift */; };
		D3A1FBB32B2758E8005456B1 /* CardListViewModel.swift in Sources */ = {isa = PBXBuildFile; fileRef = D3A1FBB22B2758E8005456B1 /* CardListViewModel.swift */; };
		D3A1FBB72B276052005456B1 /* CategoryCellDataSource.swift in Sources */ = {isa = PBXBuildFile; fileRef = D3A1FBB62B276052005456B1 /* CategoryCellDataSource.swift */; };
		D3A1FBB92B27BEF6005456B1 /* CategoryCellDTO.swift in Sources */ = {isa = PBXBuildFile; fileRef = D3A1FBB82B27BEF6005456B1 /* CategoryCellDTO.swift */; };
		D3A1FBBB2B27C516005456B1 /* CategoryStringsPath.swift in Sources */ = {isa = PBXBuildFile; fileRef = D3A1FBBA2B27C516005456B1 /* CategoryStringsPath.swift */; };
		D3A1FBBD2B27DB4D005456B1 /* CardListViewController.swift in Sources */ = {isa = PBXBuildFile; fileRef = D3A1FBBC2B27DB4D005456B1 /* CardListViewController.swift */; };
		D3AE66F82B3080E200DC33BD /* CardListViewModelTests.swift in Sources */ = {isa = PBXBuildFile; fileRef = D3AE66F72B3080E200DC33BD /* CardListViewModelTests.swift */; };
		D3C81A752B1A5D4D006802EB /* FirebaseFirestore in Frameworks */ = {isa = PBXBuildFile; productRef = D3C81A742B1A5D4D006802EB /* FirebaseFirestore */; };
		D3C81A7C2B1A98C8006802EB /* SignUpViewModelTests.swift in Sources */ = {isa = PBXBuildFile; fileRef = D3C81A7B2B1A98C8006802EB /* SignUpViewModelTests.swift */; };
		D3C81A7E2B1A9D02006802EB /* AlertViewProtocol.swift in Sources */ = {isa = PBXBuildFile; fileRef = D3C81A7D2B1A9D02006802EB /* AlertViewProtocol.swift */; };
		D3DFBE232B1E6D7300802BE2 /* AddAccountProtocol.swift in Sources */ = {isa = PBXBuildFile; fileRef = D3DFBE222B1E6D7300802BE2 /* AddAccountProtocol.swift */; };
		D3DFBE252B1E6DCB00802BE2 /* LoginAccountProtocol.swift in Sources */ = {isa = PBXBuildFile; fileRef = D3DFBE242B1E6DCB00802BE2 /* LoginAccountProtocol.swift */; };
		D3DFBE272B1E7F3900802BE2 /* EmailValidatorSpy.swift in Sources */ = {isa = PBXBuildFile; fileRef = D3DFBE262B1E7F3900802BE2 /* EmailValidatorSpy.swift */; };
		D3DFBE2B2B1E949F00802BE2 /* MainCoordinator.swift in Sources */ = {isa = PBXBuildFile; fileRef = D3DFBE2A2B1E949F00802BE2 /* MainCoordinator.swift */; };
		D3DFBE2D2B1EA8CC00802BE2 /* MainCoordinatorSpy.swift in Sources */ = {isa = PBXBuildFile; fileRef = D3DFBE2C2B1EA8CC00802BE2 /* MainCoordinatorSpy.swift */; };
		D3F8E60F2B1FBC07001FBC69 /* LoadingViewProtocol.swift in Sources */ = {isa = PBXBuildFile; fileRef = D3F8E60E2B1FBC07001FBC69 /* LoadingViewProtocol.swift */; };
		D3F8E6112B1FC09C001FBC69 /* LoadingViewSpy.swift in Sources */ = {isa = PBXBuildFile; fileRef = D3F8E6102B1FC09C001FBC69 /* LoadingViewSpy.swift */; };
		D3F8E6132B1FC2E0001FBC69 /* UIViewController.swift in Sources */ = {isa = PBXBuildFile; fileRef = D3F8E6122B1FC2E0001FBC69 /* UIViewController.swift */; };
		D3F8E6162B1FC6DF001FBC69 /* HomeViewController.swift in Sources */ = {isa = PBXBuildFile; fileRef = D3F8E6152B1FC6DF001FBC69 /* HomeViewController.swift */; };
		D3F8E6192B1FE4E5001FBC69 /* AuthenticationProtocol.swift in Sources */ = {isa = PBXBuildFile; fileRef = D3F8E6182B1FE4E5001FBC69 /* AuthenticationProtocol.swift */; };
		D3F8E61E2B1FE66B001FBC69 /* HtttpGetClientProtocol.swift in Sources */ = {isa = PBXBuildFile; fileRef = D3F8E61D2B1FE66B001FBC69 /* HtttpGetClientProtocol.swift */; };
		D3F8E6202B1FE873001FBC69 /* RemoteHttpGetService.swift in Sources */ = {isa = PBXBuildFile; fileRef = D3F8E61F2B1FE873001FBC69 /* RemoteHttpGetService.swift */; };
		D3F8E6222B1FE955001FBC69 /* HttpErrors.swift in Sources */ = {isa = PBXBuildFile; fileRef = D3F8E6212B1FE955001FBC69 /* HttpErrors.swift */; };
		D3F8E6242B1FEAE8001FBC69 /* Constants.swift in Sources */ = {isa = PBXBuildFile; fileRef = D3F8E6232B1FEAE8001FBC69 /* Constants.swift */; };
/* End PBXBuildFile section */

/* Begin PBXContainerItemProxy section */
		D3122D052B1A243C001AB3CB /* PBXContainerItemProxy */ = {
			isa = PBXContainerItemProxy;
			containerPortal = D3122CE62B1A243A001AB3CB /* Project object */;
			proxyType = 1;
			remoteGlobalIDString = D3122CED2B1A243A001AB3CB;
			remoteInfo = HearthstoneApp;
		};
/* End PBXContainerItemProxy section */

/* Begin PBXFileReference section */
		2A9B6B5DEE5EB14994C216AF /* Pods_HearthstoneApp.framework */ = {isa = PBXFileReference; explicitFileType = wrapper.framework; includeInIndex = 0; path = Pods_HearthstoneApp.framework; sourceTree = BUILT_PRODUCTS_DIR; };
		546F11065A8737B06961543D /* Pods-HearthstoneApp.release.xcconfig */ = {isa = PBXFileReference; includeInIndex = 1; lastKnownFileType = text.xcconfig; name = "Pods-HearthstoneApp.release.xcconfig"; path = "Target Support Files/Pods-HearthstoneApp/Pods-HearthstoneApp.release.xcconfig"; sourceTree = "<group>"; };
		D3122CEE2B1A243A001AB3CB /* HearthstoneApp.app */ = {isa = PBXFileReference; explicitFileType = wrapper.application; includeInIndex = 0; path = HearthstoneApp.app; sourceTree = BUILT_PRODUCTS_DIR; };
		D3122CF12B1A243A001AB3CB /* AppDelegate.swift */ = {isa = PBXFileReference; lastKnownFileType = sourcecode.swift; path = AppDelegate.swift; sourceTree = "<group>"; };
		D3122CF32B1A243A001AB3CB /* SceneDelegate.swift */ = {isa = PBXFileReference; lastKnownFileType = sourcecode.swift; path = SceneDelegate.swift; sourceTree = "<group>"; };
		D3122CFA2B1A243C001AB3CB /* Assets.xcassets */ = {isa = PBXFileReference; lastKnownFileType = folder.assetcatalog; path = Assets.xcassets; sourceTree = "<group>"; };
		D3122CFD2B1A243C001AB3CB /* Base */ = {isa = PBXFileReference; lastKnownFileType = file.storyboard; name = Base; path = Base.lproj/LaunchScreen.storyboard; sourceTree = "<group>"; };
		D3122CFF2B1A243C001AB3CB /* Info.plist */ = {isa = PBXFileReference; lastKnownFileType = text.plist.xml; path = Info.plist; sourceTree = "<group>"; };
		D3122D042B1A243C001AB3CB /* HearthstoneAppTests.xctest */ = {isa = PBXFileReference; explicitFileType = wrapper.cfbundle; includeInIndex = 0; path = HearthstoneAppTests.xctest; sourceTree = BUILT_PRODUCTS_DIR; };
		D3122D212B1A2538001AB3CB /* GoogleService-Info.plist */ = {isa = PBXFileReference; fileEncoding = 4; lastKnownFileType = text.plist.xml; path = "GoogleService-Info.plist"; sourceTree = "<group>"; };
		D3122D2A2B1A2E17001AB3CB /* LoginScreen.swift */ = {isa = PBXFileReference; lastKnownFileType = sourcecode.swift; path = LoginScreen.swift; sourceTree = "<group>"; };
		D3122D2C2B1A2E2A001AB3CB /* LoginViewController.swift */ = {isa = PBXFileReference; lastKnownFileType = sourcecode.swift; path = LoginViewController.swift; sourceTree = "<group>"; };
		D3122D2E2B1A2E43001AB3CB /* LoginViewModel.swift */ = {isa = PBXFileReference; lastKnownFileType = sourcecode.swift; path = LoginViewModel.swift; sourceTree = "<group>"; };
		D3122D342B1A2EDE001AB3CB /* SignUpViewController.swift */ = {isa = PBXFileReference; lastKnownFileType = sourcecode.swift; path = SignUpViewController.swift; sourceTree = "<group>"; };
		D3122D362B1A2EF0001AB3CB /* SignUpScreen.swift */ = {isa = PBXFileReference; lastKnownFileType = sourcecode.swift; path = SignUpScreen.swift; sourceTree = "<group>"; };
		D3122D382B1A2F03001AB3CB /* SignUpViewModel.swift */ = {isa = PBXFileReference; lastKnownFileType = sourcecode.swift; path = SignUpViewModel.swift; sourceTree = "<group>"; };
		D3122D3D2B1A348F001AB3CB /* RegisterUserRequest.swift */ = {isa = PBXFileReference; lastKnownFileType = sourcecode.swift; path = RegisterUserRequest.swift; sourceTree = "<group>"; };
		D3122D412B1A36F7001AB3CB /* UIView.swift */ = {isa = PBXFileReference; lastKnownFileType = sourcecode.swift; path = UIView.swift; sourceTree = "<group>"; };
		D3122D432B1A3748001AB3CB /* Codeview.swift */ = {isa = PBXFileReference; lastKnownFileType = sourcecode.swift; path = Codeview.swift; sourceTree = "<group>"; };
		D3122D452B1A5061001AB3CB /* AddAccount.swift */ = {isa = PBXFileReference; lastKnownFileType = sourcecode.swift; path = AddAccount.swift; sourceTree = "<group>"; };
		D3122D4F2B1A527A001AB3CB /* AuthService.swift */ = {isa = PBXFileReference; lastKnownFileType = sourcecode.swift; path = AuthService.swift; sourceTree = "<group>"; };
		D31470CC2B20CC1800F9EF3E /* HomeViewModel.swift */ = {isa = PBXFileReference; lastKnownFileType = sourcecode.swift; path = HomeViewModel.swift; sourceTree = "<group>"; };
		D31470D02B20FFB000F9EF3E /* CardModel.swift */ = {isa = PBXFileReference; lastKnownFileType = sourcecode.swift; path = CardModel.swift; sourceTree = "<group>"; };
		D31470D22B21015700F9EF3E /* Data.swift */ = {isa = PBXFileReference; lastKnownFileType = sourcecode.swift; path = Data.swift; sourceTree = "<group>"; };
		D31470D42B21079D00F9EF3E /* HomeScreen.swift */ = {isa = PBXFileReference; lastKnownFileType = sourcecode.swift; path = HomeScreen.swift; sourceTree = "<group>"; };
		D31470D62B225CCC00F9EF3E /* HomeBuilder.swift */ = {isa = PBXFileReference; lastKnownFileType = sourcecode.swift; path = HomeBuilder.swift; sourceTree = "<group>"; };
		D31470D82B226F3B00F9EF3E /* CardCategorieCell.swift */ = {isa = PBXFileReference; lastKnownFileType = sourcecode.swift; path = CardCategorieCell.swift; sourceTree = "<group>"; };
		D31470DA2B22718D00F9EF3E /* CardCategorieCollectionViewCell.swift */ = {isa = PBXFileReference; lastKnownFileType = sourcecode.swift; path = CardCategorieCollectionViewCell.swift; sourceTree = "<group>"; };
		D31470E32B2378F100F9EF3E /* UIImageView.swift */ = {isa = PBXFileReference; lastKnownFileType = sourcecode.swift; path = UIImageView.swift; sourceTree = "<group>"; };
		D32143A02B29EEFF0051CBA0 /* RequestPath.swift */ = {isa = PBXFileReference; lastKnownFileType = sourcecode.swift; path = RequestPath.swift; sourceTree = "<group>"; };
		D32143A42B2A6EDD0051CBA0 /* LoginAccountTests.swift */ = {isa = PBXFileReference; lastKnownFileType = sourcecode.swift; path = LoginAccountTests.swift; sourceTree = "<group>"; };
		D32143A62B2A80DC0051CBA0 /* AuthenticationSpy.swift */ = {isa = PBXFileReference; lastKnownFileType = sourcecode.swift; path = AuthenticationSpy.swift; sourceTree = "<group>"; };
		D32143A82B2B536C0051CBA0 /* AddAccountTests.swift */ = {isa = PBXFileReference; lastKnownFileType = sourcecode.swift; path = AddAccountTests.swift; sourceTree = "<group>"; };
		D32143AC2B2B7B000051CBA0 /* NetworkGetServiceTests.swift */ = {isa = PBXFileReference; lastKnownFileType = sourcecode.swift; path = NetworkGetServiceTests.swift; sourceTree = "<group>"; };
		D32143AE2B2B7BAF0051CBA0 /* UrlProtocolStub.swift */ = {isa = PBXFileReference; lastKnownFileType = sourcecode.swift; path = UrlProtocolStub.swift; sourceTree = "<group>"; };
		D32143B12B2B7C910051CBA0 /* TestsFactorys.swift */ = {isa = PBXFileReference; lastKnownFileType = sourcecode.swift; path = TestsFactorys.swift; sourceTree = "<group>"; };
		D32143B32B2B7D400051CBA0 /* TestsExtensions.swift */ = {isa = PBXFileReference; lastKnownFileType = sourcecode.swift; path = TestsExtensions.swift; sourceTree = "<group>"; };
		D32143B82B2B81410051CBA0 /* MainCoordinatorTests.swift */ = {isa = PBXFileReference; lastKnownFileType = sourcecode.swift; path = MainCoordinatorTests.swift; sourceTree = "<group>"; };
		D32143BA2B2B8D220051CBA0 /* HomeViewModelTests.swift */ = {isa = PBXFileReference; lastKnownFileType = sourcecode.swift; path = HomeViewModelTests.swift; sourceTree = "<group>"; };
		D32D20912B289F3E0006958F /* CardListBuilder.swift */ = {isa = PBXFileReference; lastKnownFileType = sourcecode.swift; path = CardListBuilder.swift; sourceTree = "<group>"; };
		D32D20932B2901E70006958F /* CardCollectionViewCell.swift */ = {isa = PBXFileReference; lastKnownFileType = sourcecode.swift; path = CardCollectionViewCell.swift; sourceTree = "<group>"; };
		D32D20952B29268A0006958F /* UIColor.swift */ = {isa = PBXFileReference; lastKnownFileType = sourcecode.swift; path = UIColor.swift; sourceTree = "<group>"; };
		D34878D02B2BD1EC00FAB6B5 /* HttpGetClientSpy.swift */ = {isa = PBXFileReference; lastKnownFileType = sourcecode.swift; path = HttpGetClientSpy.swift; sourceTree = "<group>"; };
		D362B31C2B26364000A50CFB /* CardCategorieModel.swift */ = {isa = PBXFileReference; lastKnownFileType = sourcecode.swift; path = CardCategorieModel.swift; sourceTree = "<group>"; };
		D38193022B30DEC700F8B6B7 /* CardListViewModelProtocol.swift */ = {isa = PBXFileReference; lastKnownFileType = sourcecode.swift; path = CardListViewModelProtocol.swift; sourceTree = "<group>"; };
		D38193052B30E3DA00F8B6B7 /* CardCategorieCellProtocol.swift */ = {isa = PBXFileReference; lastKnownFileType = sourcecode.swift; path = CardCategorieCellProtocol.swift; sourceTree = "<group>"; };
		D38193072B30E42B00F8B6B7 /* SignUpViewModelProtocol.swift */ = {isa = PBXFileReference; lastKnownFileType = sourcecode.swift; path = SignUpViewModelProtocol.swift; sourceTree = "<group>"; };
		D38193092B30F01900F8B6B7 /* LoginViewModelProtocol.swift */ = {isa = PBXFileReference; lastKnownFileType = sourcecode.swift; path = LoginViewModelProtocol.swift; sourceTree = "<group>"; };
		D382FAE92B31EF8300F74DE2 /* CustomTextField.swift */ = {isa = PBXFileReference; fileEncoding = 4; lastKnownFileType = sourcecode.swift; path = CustomTextField.swift; sourceTree = "<group>"; };
		D387E9FA2B1E053100A152D0 /* LoginAccount.swift */ = {isa = PBXFileReference; lastKnownFileType = sourcecode.swift; path = LoginAccount.swift; sourceTree = "<group>"; };
		D387E9FC2B1E178B00A152D0 /* LoginViewModelTests.swift */ = {isa = PBXFileReference; lastKnownFileType = sourcecode.swift; path = LoginViewModelTests.swift; sourceTree = "<group>"; };
		D387EA022B1E39FD00A152D0 /* SignUpBuilder.swift */ = {isa = PBXFileReference; lastKnownFileType = sourcecode.swift; path = SignUpBuilder.swift; sourceTree = "<group>"; };
		D387EA042B1E432A00A152D0 /* LoginAccountSpy.swift */ = {isa = PBXFileReference; lastKnownFileType = sourcecode.swift; path = LoginAccountSpy.swift; sourceTree = "<group>"; };
		D387EA062B1E445C00A152D0 /* SignInBuilder.swift */ = {isa = PBXFileReference; lastKnownFileType = sourcecode.swift; path = SignInBuilder.swift; sourceTree = "<group>"; };
		D387EA102B1E4D7000A152D0 /* EmailValidator.swift */ = {isa = PBXFileReference; lastKnownFileType = sourcecode.swift; path = EmailValidator.swift; sourceTree = "<group>"; };
		D387EA122B1E4E6000A152D0 /* EmailValidationProtocol.swift */ = {isa = PBXFileReference; lastKnownFileType = sourcecode.swift; path = EmailValidationProtocol.swift; sourceTree = "<group>"; };
		D38CF0042B1D2F9400D5591A /* AddAccountSpy.swift */ = {isa = PBXFileReference; lastKnownFileType = sourcecode.swift; path = AddAccountSpy.swift; sourceTree = "<group>"; };
		D38CF0062B1D2FC100D5591A /* AlertViewSpy.swift */ = {isa = PBXFileReference; lastKnownFileType = sourcecode.swift; path = AlertViewSpy.swift; sourceTree = "<group>"; };
		D38CF00A2B1D3B5500D5591A /* LoginModel.swift */ = {isa = PBXFileReference; lastKnownFileType = sourcecode.swift; path = LoginModel.swift; sourceTree = "<group>"; };
		D3A1FBB02B275848005456B1 /* CardListScreen.swift */ = {isa = PBXFileReference; lastKnownFileType = sourcecode.swift; path = CardListScreen.swift; sourceTree = "<group>"; };
		D3A1FBB22B2758E8005456B1 /* CardListViewModel.swift */ = {isa = PBXFileReference; lastKnownFileType = sourcecode.swift; path = CardListViewModel.swift; sourceTree = "<group>"; };
		D3A1FBB62B276052005456B1 /* CategoryCellDataSource.swift */ = {isa = PBXFileReference; lastKnownFileType = sourcecode.swift; path = CategoryCellDataSource.swift; sourceTree = "<group>"; };
		D3A1FBB82B27BEF6005456B1 /* CategoryCellDTO.swift */ = {isa = PBXFileReference; lastKnownFileType = sourcecode.swift; path = CategoryCellDTO.swift; sourceTree = "<group>"; };
		D3A1FBBA2B27C516005456B1 /* CategoryStringsPath.swift */ = {isa = PBXFileReference; lastKnownFileType = sourcecode.swift; path = CategoryStringsPath.swift; sourceTree = "<group>"; };
		D3A1FBBC2B27DB4D005456B1 /* CardListViewController.swift */ = {isa = PBXFileReference; lastKnownFileType = sourcecode.swift; path = CardListViewController.swift; sourceTree = "<group>"; };
		D3AE66F72B3080E200DC33BD /* CardListViewModelTests.swift */ = {isa = PBXFileReference; lastKnownFileType = sourcecode.swift; path = CardListViewModelTests.swift; sourceTree = "<group>"; };
		D3C81A7B2B1A98C8006802EB /* SignUpViewModelTests.swift */ = {isa = PBXFileReference; lastKnownFileType = sourcecode.swift; path = SignUpViewModelTests.swift; sourceTree = "<group>"; };
		D3C81A7D2B1A9D02006802EB /* AlertViewProtocol.swift */ = {isa = PBXFileReference; lastKnownFileType = sourcecode.swift; path = AlertViewProtocol.swift; sourceTree = "<group>"; };
		D3C81A7F2B1BD49B006802EB /* HearthstoneApp.xctestplan */ = {isa = PBXFileReference; lastKnownFileType = text; path = HearthstoneApp.xctestplan; sourceTree = "<group>"; };
		D3DFBE222B1E6D7300802BE2 /* AddAccountProtocol.swift */ = {isa = PBXFileReference; lastKnownFileType = sourcecode.swift; path = AddAccountProtocol.swift; sourceTree = "<group>"; };
		D3DFBE242B1E6DCB00802BE2 /* LoginAccountProtocol.swift */ = {isa = PBXFileReference; lastKnownFileType = sourcecode.swift; path = LoginAccountProtocol.swift; sourceTree = "<group>"; };
		D3DFBE262B1E7F3900802BE2 /* EmailValidatorSpy.swift */ = {isa = PBXFileReference; lastKnownFileType = sourcecode.swift; path = EmailValidatorSpy.swift; sourceTree = "<group>"; };
		D3DFBE2A2B1E949F00802BE2 /* MainCoordinator.swift */ = {isa = PBXFileReference; lastKnownFileType = sourcecode.swift; path = MainCoordinator.swift; sourceTree = "<group>"; };
		D3DFBE2C2B1EA8CC00802BE2 /* MainCoordinatorSpy.swift */ = {isa = PBXFileReference; lastKnownFileType = sourcecode.swift; path = MainCoordinatorSpy.swift; sourceTree = "<group>"; };
		D3F8E60E2B1FBC07001FBC69 /* LoadingViewProtocol.swift */ = {isa = PBXFileReference; lastKnownFileType = sourcecode.swift; path = LoadingViewProtocol.swift; sourceTree = "<group>"; };
		D3F8E6102B1FC09C001FBC69 /* LoadingViewSpy.swift */ = {isa = PBXFileReference; lastKnownFileType = sourcecode.swift; path = LoadingViewSpy.swift; sourceTree = "<group>"; };
		D3F8E6122B1FC2E0001FBC69 /* UIViewController.swift */ = {isa = PBXFileReference; lastKnownFileType = sourcecode.swift; path = UIViewController.swift; sourceTree = "<group>"; };
		D3F8E6152B1FC6DF001FBC69 /* HomeViewController.swift */ = {isa = PBXFileReference; lastKnownFileType = sourcecode.swift; path = HomeViewController.swift; sourceTree = "<group>"; };
		D3F8E6182B1FE4E5001FBC69 /* AuthenticationProtocol.swift */ = {isa = PBXFileReference; lastKnownFileType = sourcecode.swift; path = AuthenticationProtocol.swift; sourceTree = "<group>"; };
		D3F8E61D2B1FE66B001FBC69 /* HtttpGetClientProtocol.swift */ = {isa = PBXFileReference; lastKnownFileType = sourcecode.swift; path = HtttpGetClientProtocol.swift; sourceTree = "<group>"; };
		D3F8E61F2B1FE873001FBC69 /* RemoteHttpGetService.swift */ = {isa = PBXFileReference; lastKnownFileType = sourcecode.swift; path = RemoteHttpGetService.swift; sourceTree = "<group>"; };
		D3F8E6212B1FE955001FBC69 /* HttpErrors.swift */ = {isa = PBXFileReference; lastKnownFileType = sourcecode.swift; path = HttpErrors.swift; sourceTree = "<group>"; };
		D3F8E6232B1FEAE8001FBC69 /* Constants.swift */ = {isa = PBXFileReference; lastKnownFileType = sourcecode.swift; path = Constants.swift; sourceTree = "<group>"; };
		F1C3804399527B9378714995 /* Pods-HearthstoneApp.debug.xcconfig */ = {isa = PBXFileReference; includeInIndex = 1; lastKnownFileType = text.xcconfig; name = "Pods-HearthstoneApp.debug.xcconfig"; path = "Target Support Files/Pods-HearthstoneApp/Pods-HearthstoneApp.debug.xcconfig"; sourceTree = "<group>"; };
/* End PBXFileReference section */

/* Begin PBXFrameworksBuildPhase section */
		D3122CEB2B1A243A001AB3CB /* Frameworks */ = {
			isa = PBXFrameworksBuildPhase;
			buildActionMask = 2147483647;
			files = (
				D3122D282B1A2C49001AB3CB /* FirebaseAuth in Frameworks */,
				D3C81A752B1A5D4D006802EB /* FirebaseFirestore in Frameworks */,
				2A6E1B329DD461BFBFA65007 /* Pods_HearthstoneApp.framework in Frameworks */,
			);
			runOnlyForDeploymentPostprocessing = 0;
		};
		D3122D012B1A243C001AB3CB /* Frameworks */ = {
			isa = PBXFrameworksBuildPhase;
			buildActionMask = 2147483647;
			files = (
			);
			runOnlyForDeploymentPostprocessing = 0;
		};
/* End PBXFrameworksBuildPhase section */

/* Begin PBXGroup section */
		3AC171DB8008B81FDD94CA7F /* Pods */ = {
			isa = PBXGroup;
			children = (
				F1C3804399527B9378714995 /* Pods-HearthstoneApp.debug.xcconfig */,
				546F11065A8737B06961543D /* Pods-HearthstoneApp.release.xcconfig */,
			);
			path = Pods;
			sourceTree = "<group>";
		};
		D3122CE52B1A243A001AB3CB = {
			isa = PBXGroup;
			children = (
				D3C81A7F2B1BD49B006802EB /* HearthstoneApp.xctestplan */,
				D3122CF02B1A243A001AB3CB /* HearthstoneApp */,
				D3122D072B1A243C001AB3CB /* HearthstoneAppTests */,
				D3122CEF2B1A243A001AB3CB /* Products */,
				D3122D242B1A2B7D001AB3CB /* Frameworks */,
				3AC171DB8008B81FDD94CA7F /* Pods */,
			);
			sourceTree = "<group>";
		};
		D3122CEF2B1A243A001AB3CB /* Products */ = {
			isa = PBXGroup;
			children = (
				D3122CEE2B1A243A001AB3CB /* HearthstoneApp.app */,
				D3122D042B1A243C001AB3CB /* HearthstoneAppTests.xctest */,
			);
			name = Products;
			sourceTree = "<group>";
		};
		D3122CF02B1A243A001AB3CB /* HearthstoneApp */ = {
			isa = PBXGroup;
			children = (
				D382FAE82B31EF7300F74DE2 /* Components */,
				D38193042B30DF4000F8B6B7 /* Commons */,
				D3DFBE292B1E940200802BE2 /* Coordinator */,
				D3122D4D2B1A51F0001AB3CB /* Services */,
				D3122D402B1A36E8001AB3CB /* Extensions */,
				D387EA082B1E4B2E00A152D0 /* Interfaces */,
				D3122D322B1A2E9C001AB3CB /* Scenes */,
				D3122CF12B1A243A001AB3CB /* AppDelegate.swift */,
				D3122CF32B1A243A001AB3CB /* SceneDelegate.swift */,
				D3122CFA2B1A243C001AB3CB /* Assets.xcassets */,
				D3122CFC2B1A243C001AB3CB /* LaunchScreen.storyboard */,
				D3122CFF2B1A243C001AB3CB /* Info.plist */,
				D3122D212B1A2538001AB3CB /* GoogleService-Info.plist */,
			);
			path = HearthstoneApp;
			sourceTree = "<group>";
		};
		D3122D072B1A243C001AB3CB /* HearthstoneAppTests */ = {
			isa = PBXGroup;
			children = (
				D32143B02B2B7C860051CBA0 /* Helpers */,
				D32143B52B2B80FB0051CBA0 /* Coordinator */,
				D32143AA2B2B79920051CBA0 /* Services */,
				D3DFBE282B1E82EF00802BE2 /* ViewModels */,
				D38CF0032B1D2F7B00D5591A /* Doubles */,
			);
			path = HearthstoneAppTests;
			sourceTree = "<group>";
		};
		D3122D242B1A2B7D001AB3CB /* Frameworks */ = {
			isa = PBXGroup;
			children = (
				2A9B6B5DEE5EB14994C216AF /* Pods_HearthstoneApp.framework */,
			);
			name = Frameworks;
			sourceTree = "<group>";
		};
		D3122D292B1A2E00001AB3CB /* Login */ = {
			isa = PBXGroup;
			children = (
				D387E9F92B1E04BF00A152D0 /* UseCases */,
				D3122D2A2B1A2E17001AB3CB /* LoginScreen.swift */,
				D3122D2C2B1A2E2A001AB3CB /* LoginViewController.swift */,
				D3122D2E2B1A2E43001AB3CB /* LoginViewModel.swift */,
				D38CF00A2B1D3B5500D5591A /* LoginModel.swift */,
				D387EA062B1E445C00A152D0 /* SignInBuilder.swift */,
			);
			path = Login;
			sourceTree = "<group>";
		};
		D3122D322B1A2E9C001AB3CB /* Scenes */ = {
			isa = PBXGroup;
			children = (
				D3122D3F2B1A3699001AB3CB /* Helpers */,
				D38C04A52B23EEC200F2D8C9 /* CardList */,
				D3F8E6142B1FC6CC001FBC69 /* Home */,
				D3122D332B1A2EB0001AB3CB /* SignUp */,
				D3122D292B1A2E00001AB3CB /* Login */,
			);
			path = Scenes;
			sourceTree = "<group>";
		};
		D3122D332B1A2EB0001AB3CB /* SignUp */ = {
			isa = PBXGroup;
			children = (
				D3122D472B1A5068001AB3CB /* UseCases */,
				D3122D342B1A2EDE001AB3CB /* SignUpViewController.swift */,
				D3122D362B1A2EF0001AB3CB /* SignUpScreen.swift */,
				D3122D382B1A2F03001AB3CB /* SignUpViewModel.swift */,
				D3122D3D2B1A348F001AB3CB /* RegisterUserRequest.swift */,
				D387EA022B1E39FD00A152D0 /* SignUpBuilder.swift */,
			);
			path = SignUp;
			sourceTree = "<group>";
		};
		D3122D3F2B1A3699001AB3CB /* Helpers */ = {
			isa = PBXGroup;
			children = (
				D3122D432B1A3748001AB3CB /* Codeview.swift */,
			);
			path = Helpers;
			sourceTree = "<group>";
		};
		D3122D402B1A36E8001AB3CB /* Extensions */ = {
			isa = PBXGroup;
			children = (
				D3122D412B1A36F7001AB3CB /* UIView.swift */,
				D3F8E6122B1FC2E0001FBC69 /* UIViewController.swift */,
				D31470D22B21015700F9EF3E /* Data.swift */,
				D31470E32B2378F100F9EF3E /* UIImageView.swift */,
				D32D20952B29268A0006958F /* UIColor.swift */,
			);
			path = Extensions;
			sourceTree = "<group>";
		};
		D3122D472B1A5068001AB3CB /* UseCases */ = {
			isa = PBXGroup;
			children = (
				D3122D452B1A5061001AB3CB /* AddAccount.swift */,
			);
			path = UseCases;
			sourceTree = "<group>";
		};
		D3122D4D2B1A51F0001AB3CB /* Services */ = {
			isa = PBXGroup;
			children = (
				D3F8E6172B1FE331001FBC69 /* Networking */,
				D387EA0F2B1E4CCA00A152D0 /* EmailValidator */,
				D3122D4E2B1A521B001AB3CB /* Authentication */,
			);
			path = Services;
			sourceTree = "<group>";
		};
		D3122D4E2B1A521B001AB3CB /* Authentication */ = {
			isa = PBXGroup;
			children = (
				D3122D4F2B1A527A001AB3CB /* AuthService.swift */,
			);
			path = Authentication;
			sourceTree = "<group>";
		};
		D32143A22B2A0CAA0051CBA0 /* DataSource */ = {
			isa = PBXGroup;
			children = (
				D3A1FBB62B276052005456B1 /* CategoryCellDataSource.swift */,
				D3A1FBB82B27BEF6005456B1 /* CategoryCellDTO.swift */,
				D32143A02B29EEFF0051CBA0 /* RequestPath.swift */,
			);
			path = DataSource;
			sourceTree = "<group>";
		};
		D32143A32B2A6EA10051CBA0 /* UseCases */ = {
			isa = PBXGroup;
			children = (
				D32143A42B2A6EDD0051CBA0 /* LoginAccountTests.swift */,
				D32143A82B2B536C0051CBA0 /* AddAccountTests.swift */,
			);
			path = UseCases;
			sourceTree = "<group>";
		};
		D32143AA2B2B79920051CBA0 /* Services */ = {
			isa = PBXGroup;
			children = (
				D32143AB2B2B79BD0051CBA0 /* Networking */,
			);
			path = Services;
			sourceTree = "<group>";
		};
		D32143AB2B2B79BD0051CBA0 /* Networking */ = {
			isa = PBXGroup;
			children = (
				D32143AC2B2B7B000051CBA0 /* NetworkGetServiceTests.swift */,
				D32143AE2B2B7BAF0051CBA0 /* UrlProtocolStub.swift */,
			);
			path = Networking;
			sourceTree = "<group>";
		};
		D32143B02B2B7C860051CBA0 /* Helpers */ = {
			isa = PBXGroup;
			children = (
				D32143B12B2B7C910051CBA0 /* TestsFactorys.swift */,
				D32143B32B2B7D400051CBA0 /* TestsExtensions.swift */,
			);
			path = Helpers;
			sourceTree = "<group>";
		};
		D32143B52B2B80FB0051CBA0 /* Coordinator */ = {
			isa = PBXGroup;
			children = (
				D32143B82B2B81410051CBA0 /* MainCoordinatorTests.swift */,
			);
			path = Coordinator;
			sourceTree = "<group>";
		};
		D38193042B30DF4000F8B6B7 /* Commons */ = {
			isa = PBXGroup;
			children = (
				D3F8E6212B1FE955001FBC69 /* HttpErrors.swift */,
				D3F8E6232B1FEAE8001FBC69 /* Constants.swift */,
			);
			path = Commons;
			sourceTree = "<group>";
		};
		D382FAE82B31EF7300F74DE2 /* Components */ = {
			isa = PBXGroup;
			children = (
				D382FAE92B31EF8300F74DE2 /* CustomTextField.swift */,
			);
			path = Components;
			sourceTree = "<group>";
		};
		D387E9F92B1E04BF00A152D0 /* UseCases */ = {
			isa = PBXGroup;
			children = (
				D387E9FA2B1E053100A152D0 /* LoginAccount.swift */,
			);
			path = UseCases;
			sourceTree = "<group>";
		};
		D387EA082B1E4B2E00A152D0 /* Interfaces */ = {
			isa = PBXGroup;
			children = (
				D3C81A7D2B1A9D02006802EB /* AlertViewProtocol.swift */,
				D387EA122B1E4E6000A152D0 /* EmailValidationProtocol.swift */,
				D3DFBE222B1E6D7300802BE2 /* AddAccountProtocol.swift */,
				D3DFBE242B1E6DCB00802BE2 /* LoginAccountProtocol.swift */,
				D3F8E60E2B1FBC07001FBC69 /* LoadingViewProtocol.swift */,
				D3F8E6182B1FE4E5001FBC69 /* AuthenticationProtocol.swift */,
				D3F8E61D2B1FE66B001FBC69 /* HtttpGetClientProtocol.swift */,
				D38193022B30DEC700F8B6B7 /* CardListViewModelProtocol.swift */,
				D38193052B30E3DA00F8B6B7 /* CardCategorieCellProtocol.swift */,
				D38193072B30E42B00F8B6B7 /* SignUpViewModelProtocol.swift */,
				D38193092B30F01900F8B6B7 /* LoginViewModelProtocol.swift */,
			);
			path = Interfaces;
			sourceTree = "<group>";
		};
		D387EA0F2B1E4CCA00A152D0 /* EmailValidator */ = {
			isa = PBXGroup;
			children = (
				D387EA102B1E4D7000A152D0 /* EmailValidator.swift */,
			);
			path = EmailValidator;
			sourceTree = "<group>";
		};
		D38C04A52B23EEC200F2D8C9 /* CardList */ = {
			isa = PBXGroup;
			children = (
				D3A1FBB02B275848005456B1 /* CardListScreen.swift */,
				D3A1FBB22B2758E8005456B1 /* CardListViewModel.swift */,
				D3A1FBBC2B27DB4D005456B1 /* CardListViewController.swift */,
				D32D20912B289F3E0006958F /* CardListBuilder.swift */,
				D32D20932B2901E70006958F /* CardCollectionViewCell.swift */,
			);
			path = CardList;
			sourceTree = "<group>";
		};
		D38CF0032B1D2F7B00D5591A /* Doubles */ = {
			isa = PBXGroup;
			children = (
				D38CF0042B1D2F9400D5591A /* AddAccountSpy.swift */,
				D38CF0062B1D2FC100D5591A /* AlertViewSpy.swift */,
				D387EA042B1E432A00A152D0 /* LoginAccountSpy.swift */,
				D3DFBE262B1E7F3900802BE2 /* EmailValidatorSpy.swift */,
				D3DFBE2C2B1EA8CC00802BE2 /* MainCoordinatorSpy.swift */,
				D3F8E6102B1FC09C001FBC69 /* LoadingViewSpy.swift */,
				D32143A62B2A80DC0051CBA0 /* AuthenticationSpy.swift */,
				D34878D02B2BD1EC00FAB6B5 /* HttpGetClientSpy.swift */,
			);
			path = Doubles;
			sourceTree = "<group>";
		};
		D3A1FBAF2B2757BC005456B1 /* Cells */ = {
			isa = PBXGroup;
			children = (
				D31470DA2B22718D00F9EF3E /* CardCategorieCollectionViewCell.swift */,
				D31470D82B226F3B00F9EF3E /* CardCategorieCell.swift */,
				D32143A22B2A0CAA0051CBA0 /* DataSource */,
			);
			path = Cells;
			sourceTree = "<group>";
		};
		D3DFBE282B1E82EF00802BE2 /* ViewModels */ = {
			isa = PBXGroup;
			children = (
				D32143A32B2A6EA10051CBA0 /* UseCases */,
				D3C81A7B2B1A98C8006802EB /* SignUpViewModelTests.swift */,
				D387E9FC2B1E178B00A152D0 /* LoginViewModelTests.swift */,
				D32143BA2B2B8D220051CBA0 /* HomeViewModelTests.swift */,
				D3AE66F72B3080E200DC33BD /* CardListViewModelTests.swift */,
			);
			path = ViewModels;
			sourceTree = "<group>";
		};
		D3DFBE292B1E940200802BE2 /* Coordinator */ = {
			isa = PBXGroup;
			children = (
				D3DFBE2A2B1E949F00802BE2 /* MainCoordinator.swift */,
			);
			path = Coordinator;
			sourceTree = "<group>";
		};
		D3F8E6142B1FC6CC001FBC69 /* Home */ = {
			isa = PBXGroup;
			children = (
				D3A1FBAF2B2757BC005456B1 /* Cells */,
				D3F8E6152B1FC6DF001FBC69 /* HomeViewController.swift */,
				D31470CC2B20CC1800F9EF3E /* HomeViewModel.swift */,
				D31470D42B21079D00F9EF3E /* HomeScreen.swift */,
				D362B31C2B26364000A50CFB /* CardCategorieModel.swift */,
				D31470D62B225CCC00F9EF3E /* HomeBuilder.swift */,
				D3A1FBBA2B27C516005456B1 /* CategoryStringsPath.swift */,
			);
			path = Home;
			sourceTree = "<group>";
		};
		D3F8E6172B1FE331001FBC69 /* Networking */ = {
			isa = PBXGroup;
			children = (
				D3F8E61F2B1FE873001FBC69 /* RemoteHttpGetService.swift */,
				D31470D02B20FFB000F9EF3E /* CardModel.swift */,
			);
			path = Networking;
			sourceTree = "<group>";
		};
/* End PBXGroup section */

/* Begin PBXNativeTarget section */
		D3122CED2B1A243A001AB3CB /* HearthstoneApp */ = {
			isa = PBXNativeTarget;
			buildConfigurationList = D3122D182B1A243C001AB3CB /* Build configuration list for PBXNativeTarget "HearthstoneApp" */;
			buildPhases = (
				3CA0E73D5638D5159DEA633D /* [CP] Check Pods Manifest.lock */,
				D3122CEA2B1A243A001AB3CB /* Sources */,
				D3122CEB2B1A243A001AB3CB /* Frameworks */,
				D3122CEC2B1A243A001AB3CB /* Resources */,
				0005AF393A60792D3739717D /* [CP] Embed Pods Frameworks */,
			);
			buildRules = (
			);
			dependencies = (
			);
			name = HearthstoneApp;
			packageProductDependencies = (
				D3122D272B1A2C49001AB3CB /* FirebaseAuth */,
				D3C81A742B1A5D4D006802EB /* FirebaseFirestore */,
			);
			productName = HearthstoneApp;
			productReference = D3122CEE2B1A243A001AB3CB /* HearthstoneApp.app */;
			productType = "com.apple.product-type.application";
		};
		D3122D032B1A243C001AB3CB /* HearthstoneAppTests */ = {
			isa = PBXNativeTarget;
			buildConfigurationList = D3122D1B2B1A243C001AB3CB /* Build configuration list for PBXNativeTarget "HearthstoneAppTests" */;
			buildPhases = (
				D3122D002B1A243C001AB3CB /* Sources */,
				D3122D012B1A243C001AB3CB /* Frameworks */,
				D3122D022B1A243C001AB3CB /* Resources */,
			);
			buildRules = (
			);
			dependencies = (
				D3122D062B1A243C001AB3CB /* PBXTargetDependency */,
			);
			name = HearthstoneAppTests;
			productName = HearthstoneAppTests;
			productReference = D3122D042B1A243C001AB3CB /* HearthstoneAppTests.xctest */;
			productType = "com.apple.product-type.bundle.unit-test";
		};
/* End PBXNativeTarget section */

/* Begin PBXProject section */
		D3122CE62B1A243A001AB3CB /* Project object */ = {
			isa = PBXProject;
			attributes = {
				BuildIndependentTargetsInParallel = 1;
				LastSwiftUpdateCheck = 1500;
				LastUpgradeCheck = 1500;
				TargetAttributes = {
					D3122CED2B1A243A001AB3CB = {
						CreatedOnToolsVersion = 15.0.1;
					};
					D3122D032B1A243C001AB3CB = {
						CreatedOnToolsVersion = 15.0.1;
						LastSwiftMigration = 1500;
						TestTargetID = D3122CED2B1A243A001AB3CB;
					};
				};
			};
			buildConfigurationList = D3122CE92B1A243A001AB3CB /* Build configuration list for PBXProject "HearthstoneApp" */;
			compatibilityVersion = "Xcode 14.0";
			developmentRegion = en;
			hasScannedForEncodings = 0;
			knownRegions = (
				en,
				Base,
			);
			mainGroup = D3122CE52B1A243A001AB3CB;
			packageReferences = (
				D3122D232B1A25F8001AB3CB /* XCRemoteSwiftPackageReference "firebase-ios-sdk" */,
			);
			productRefGroup = D3122CEF2B1A243A001AB3CB /* Products */;
			projectDirPath = "";
			projectRoot = "";
			targets = (
				D3122CED2B1A243A001AB3CB /* HearthstoneApp */,
				D3122D032B1A243C001AB3CB /* HearthstoneAppTests */,
			);
		};
/* End PBXProject section */

/* Begin PBXResourcesBuildPhase section */
		D3122CEC2B1A243A001AB3CB /* Resources */ = {
			isa = PBXResourcesBuildPhase;
			buildActionMask = 2147483647;
			files = (
				D3122CFE2B1A243C001AB3CB /* LaunchScreen.storyboard in Resources */,
				D3122D222B1A2538001AB3CB /* GoogleService-Info.plist in Resources */,
				D3122CFB2B1A243C001AB3CB /* Assets.xcassets in Resources */,
			);
			runOnlyForDeploymentPostprocessing = 0;
		};
		D3122D022B1A243C001AB3CB /* Resources */ = {
			isa = PBXResourcesBuildPhase;
			buildActionMask = 2147483647;
			files = (
			);
			runOnlyForDeploymentPostprocessing = 0;
		};
/* End PBXResourcesBuildPhase section */

/* Begin PBXShellScriptBuildPhase section */
		0005AF393A60792D3739717D /* [CP] Embed Pods Frameworks */ = {
			isa = PBXShellScriptBuildPhase;
			buildActionMask = 2147483647;
			files = (
			);
			inputFileListPaths = (
				"${PODS_ROOT}/Target Support Files/Pods-HearthstoneApp/Pods-HearthstoneApp-frameworks-${CONFIGURATION}-input-files.xcfilelist",
			);
			name = "[CP] Embed Pods Frameworks";
			outputFileListPaths = (
				"${PODS_ROOT}/Target Support Files/Pods-HearthstoneApp/Pods-HearthstoneApp-frameworks-${CONFIGURATION}-output-files.xcfilelist",
			);
			runOnlyForDeploymentPostprocessing = 0;
			shellPath = /bin/sh;
			shellScript = "\"${PODS_ROOT}/Target Support Files/Pods-HearthstoneApp/Pods-HearthstoneApp-frameworks.sh\"\n";
			showEnvVarsInLog = 0;
		};
		3CA0E73D5638D5159DEA633D /* [CP] Check Pods Manifest.lock */ = {
			isa = PBXShellScriptBuildPhase;
			buildActionMask = 2147483647;
			files = (
			);
			inputFileListPaths = (
			);
			inputPaths = (
				"${PODS_PODFILE_DIR_PATH}/Podfile.lock",
				"${PODS_ROOT}/Manifest.lock",
			);
			name = "[CP] Check Pods Manifest.lock";
			outputFileListPaths = (
			);
			outputPaths = (
				"$(DERIVED_FILE_DIR)/Pods-HearthstoneApp-checkManifestLockResult.txt",
			);
			runOnlyForDeploymentPostprocessing = 0;
			shellPath = /bin/sh;
			shellScript = "diff \"${PODS_PODFILE_DIR_PATH}/Podfile.lock\" \"${PODS_ROOT}/Manifest.lock\" > /dev/null\nif [ $? != 0 ] ; then\n    # print error to STDERR\n    echo \"error: The sandbox is not in sync with the Podfile.lock. Run 'pod install' or update your CocoaPods installation.\" >&2\n    exit 1\nfi\n# This output is used by Xcode 'outputs' to avoid re-running this script phase.\necho \"SUCCESS\" > \"${SCRIPT_OUTPUT_FILE_0}\"\n";
			showEnvVarsInLog = 0;
		};
/* End PBXShellScriptBuildPhase section */

/* Begin PBXSourcesBuildPhase section */
		D3122CEA2B1A243A001AB3CB /* Sources */ = {
			isa = PBXSourcesBuildPhase;
			buildActionMask = 2147483647;
			files = (
				D3122D392B1A2F03001AB3CB /* SignUpViewModel.swift in Sources */,
				D3A1FBB72B276052005456B1 /* CategoryCellDataSource.swift in Sources */,
				D31470CD2B20CC1800F9EF3E /* HomeViewModel.swift in Sources */,
				D3122D372B1A2EF0001AB3CB /* SignUpScreen.swift in Sources */,
				D3122D352B1A2EDE001AB3CB /* SignUpViewController.swift in Sources */,
				D387EA032B1E39FD00A152D0 /* SignUpBuilder.swift in Sources */,
				D381930A2B30F01900F8B6B7 /* LoginViewModelProtocol.swift in Sources */,
				D3122D422B1A36F7001AB3CB /* UIView.swift in Sources */,
				D31470D92B226F3B00F9EF3E /* CardCategorieCell.swift in Sources */,
				D31470DB2B22718D00F9EF3E /* CardCategorieCollectionViewCell.swift in Sources */,
				D3122D462B1A5061001AB3CB /* AddAccount.swift in Sources */,
				D3122D2B2B1A2E17001AB3CB /* LoginScreen.swift in Sources */,
				D32D20962B29268A0006958F /* UIColor.swift in Sources */,
				D3F8E6242B1FEAE8001FBC69 /* Constants.swift in Sources */,
				D3F8E6192B1FE4E5001FBC69 /* AuthenticationProtocol.swift in Sources */,
				D32D20922B289F3E0006958F /* CardListBuilder.swift in Sources */,
				D3DFBE232B1E6D7300802BE2 /* AddAccountProtocol.swift in Sources */,
				D3F8E6202B1FE873001FBC69 /* RemoteHttpGetService.swift in Sources */,
				D3DFBE2B2B1E949F00802BE2 /* MainCoordinator.swift in Sources */,
				D38CF00B2B1D3B5500D5591A /* LoginModel.swift in Sources */,
				D387EA112B1E4D7000A152D0 /* EmailValidator.swift in Sources */,
				D3122D442B1A3748001AB3CB /* Codeview.swift in Sources */,
				D3F8E61E2B1FE66B001FBC69 /* HtttpGetClientProtocol.swift in Sources */,
				D3F8E6222B1FE955001FBC69 /* HttpErrors.swift in Sources */,
				D3122D2F2B1A2E43001AB3CB /* LoginViewModel.swift in Sources */,
				D3F8E6162B1FC6DF001FBC69 /* HomeViewController.swift in Sources */,
				D38193062B30E3DA00F8B6B7 /* CardCategorieCellProtocol.swift in Sources */,
				D32D20942B2901E70006958F /* CardCollectionViewCell.swift in Sources */,
				D382FAEA2B31EF8300F74DE2 /* CustomTextField.swift in Sources */,
				D3122CF22B1A243A001AB3CB /* AppDelegate.swift in Sources */,
				D3DFBE252B1E6DCB00802BE2 /* LoginAccountProtocol.swift in Sources */,
				D31470D12B20FFB000F9EF3E /* CardModel.swift in Sources */,
				D387EA132B1E4E6000A152D0 /* EmailValidationProtocol.swift in Sources */,
				D387EA072B1E445C00A152D0 /* SignInBuilder.swift in Sources */,
				D31470D72B225CCC00F9EF3E /* HomeBuilder.swift in Sources */,
				D32143A12B29EEFF0051CBA0 /* RequestPath.swift in Sources */,
				D3A1FBB12B275848005456B1 /* CardListScreen.swift in Sources */,
				D3A1FBB92B27BEF6005456B1 /* CategoryCellDTO.swift in Sources */,
				D3F8E60F2B1FBC07001FBC69 /* LoadingViewProtocol.swift in Sources */,
				D31470E42B2378F100F9EF3E /* UIImageView.swift in Sources */,
				D3A1FBBD2B27DB4D005456B1 /* CardListViewController.swift in Sources */,
				D387E9FB2B1E053100A152D0 /* LoginAccount.swift in Sources */,
				D3122D2D2B1A2E2A001AB3CB /* LoginViewController.swift in Sources */,
				D38193082B30E42B00F8B6B7 /* SignUpViewModelProtocol.swift in Sources */,
				D3A1FBBB2B27C516005456B1 /* CategoryStringsPath.swift in Sources */,
				D31470D32B21015700F9EF3E /* Data.swift in Sources */,
				D38193032B30DEC700F8B6B7 /* CardListViewModelProtocol.swift in Sources */,
				D3122D3E2B1A348F001AB3CB /* RegisterUserRequest.swift in Sources */,
				D3C81A7E2B1A9D02006802EB /* AlertViewProtocol.swift in Sources */,
				D31470D52B21079D00F9EF3E /* HomeScreen.swift in Sources */,
				D3122CF42B1A243A001AB3CB /* SceneDelegate.swift in Sources */,
				D362B31D2B26364000A50CFB /* CardCategorieModel.swift in Sources */,
				D3A1FBB32B2758E8005456B1 /* CardListViewModel.swift in Sources */,
				D3F8E6132B1FC2E0001FBC69 /* UIViewController.swift in Sources */,
				D3122D502B1A527A001AB3CB /* AuthService.swift in Sources */,
			);
			runOnlyForDeploymentPostprocessing = 0;
		};
		D3122D002B1A243C001AB3CB /* Sources */ = {
			isa = PBXSourcesBuildPhase;
			buildActionMask = 2147483647;
			files = (
				D387EA052B1E432A00A152D0 /* LoginAccountSpy.swift in Sources */,
				D32143B92B2B81410051CBA0 /* MainCoordinatorTests.swift in Sources */,
				D32143BB2B2B8D220051CBA0 /* HomeViewModelTests.swift in Sources */,
				D387E9FD2B1E178B00A152D0 /* LoginViewModelTests.swift in Sources */,
				D34878D12B2BD1EC00FAB6B5 /* HttpGetClientSpy.swift in Sources */,
				D32143A52B2A6EDD0051CBA0 /* LoginAccountTests.swift in Sources */,
				D32143A92B2B536C0051CBA0 /* AddAccountTests.swift in Sources */,
				D32143B42B2B7D400051CBA0 /* TestsExtensions.swift in Sources */,
				D32143B22B2B7C910051CBA0 /* TestsFactorys.swift in Sources */,
				D3DFBE2D2B1EA8CC00802BE2 /* MainCoordinatorSpy.swift in Sources */,
				D3AE66F82B3080E200DC33BD /* CardListViewModelTests.swift in Sources */,
				D32143AF2B2B7BAF0051CBA0 /* UrlProtocolStub.swift in Sources */,
				D38CF0052B1D2F9400D5591A /* AddAccountSpy.swift in Sources */,
				D3F8E6112B1FC09C001FBC69 /* LoadingViewSpy.swift in Sources */,
				D3C81A7C2B1A98C8006802EB /* SignUpViewModelTests.swift in Sources */,
				D3DFBE272B1E7F3900802BE2 /* EmailValidatorSpy.swift in Sources */,
				D32143AD2B2B7B000051CBA0 /* NetworkGetServiceTests.swift in Sources */,
				D32143A72B2A80DC0051CBA0 /* AuthenticationSpy.swift in Sources */,
				D38CF0072B1D2FC100D5591A /* AlertViewSpy.swift in Sources */,
			);
			runOnlyForDeploymentPostprocessing = 0;
		};
/* End PBXSourcesBuildPhase section */

/* Begin PBXTargetDependency section */
		D3122D062B1A243C001AB3CB /* PBXTargetDependency */ = {
			isa = PBXTargetDependency;
			target = D3122CED2B1A243A001AB3CB /* HearthstoneApp */;
			targetProxy = D3122D052B1A243C001AB3CB /* PBXContainerItemProxy */;
		};
/* End PBXTargetDependency section */

/* Begin PBXVariantGroup section */
		D3122CFC2B1A243C001AB3CB /* LaunchScreen.storyboard */ = {
			isa = PBXVariantGroup;
			children = (
				D3122CFD2B1A243C001AB3CB /* Base */,
			);
			name = LaunchScreen.storyboard;
			sourceTree = "<group>";
		};
/* End PBXVariantGroup section */

/* Begin XCBuildConfiguration section */
		D3122D162B1A243C001AB3CB /* Debug */ = {
			isa = XCBuildConfiguration;
			buildSettings = {
				ALWAYS_SEARCH_USER_PATHS = NO;
				ASSETCATALOG_COMPILER_GENERATE_SWIFT_ASSET_SYMBOL_EXTENSIONS = YES;
				CLANG_ANALYZER_NONNULL = YES;
				CLANG_ANALYZER_NUMBER_OBJECT_CONVERSION = YES_AGGRESSIVE;
				CLANG_CXX_LANGUAGE_STANDARD = "gnu++20";
				CLANG_ENABLE_MODULES = YES;
				CLANG_ENABLE_OBJC_ARC = YES;
				CLANG_ENABLE_OBJC_WEAK = YES;
				CLANG_WARN_BLOCK_CAPTURE_AUTORELEASING = YES;
				CLANG_WARN_BOOL_CONVERSION = YES;
				CLANG_WARN_COMMA = YES;
				CLANG_WARN_CONSTANT_CONVERSION = YES;
				CLANG_WARN_DEPRECATED_OBJC_IMPLEMENTATIONS = YES;
				CLANG_WARN_DIRECT_OBJC_ISA_USAGE = YES_ERROR;
				CLANG_WARN_DOCUMENTATION_COMMENTS = YES;
				CLANG_WARN_EMPTY_BODY = YES;
				CLANG_WARN_ENUM_CONVERSION = YES;
				CLANG_WARN_INFINITE_RECURSION = YES;
				CLANG_WARN_INT_CONVERSION = YES;
				CLANG_WARN_NON_LITERAL_NULL_CONVERSION = YES;
				CLANG_WARN_OBJC_IMPLICIT_RETAIN_SELF = YES;
				CLANG_WARN_OBJC_LITERAL_CONVERSION = YES;
				CLANG_WARN_OBJC_ROOT_CLASS = YES_ERROR;
				CLANG_WARN_QUOTED_INCLUDE_IN_FRAMEWORK_HEADER = YES;
				CLANG_WARN_RANGE_LOOP_ANALYSIS = YES;
				CLANG_WARN_STRICT_PROTOTYPES = YES;
				CLANG_WARN_SUSPICIOUS_MOVE = YES;
				CLANG_WARN_UNGUARDED_AVAILABILITY = YES_AGGRESSIVE;
				CLANG_WARN_UNREACHABLE_CODE = YES;
				CLANG_WARN__DUPLICATE_METHOD_MATCH = YES;
				COPY_PHASE_STRIP = NO;
				DEBUG_INFORMATION_FORMAT = dwarf;
				ENABLE_STRICT_OBJC_MSGSEND = YES;
				ENABLE_TESTABILITY = YES;
				ENABLE_USER_SCRIPT_SANDBOXING = NO;
				GCC_C_LANGUAGE_STANDARD = gnu17;
				GCC_DYNAMIC_NO_PIC = NO;
				GCC_NO_COMMON_BLOCKS = YES;
				GCC_OPTIMIZATION_LEVEL = 0;
				GCC_PREPROCESSOR_DEFINITIONS = (
					"DEBUG=1",
					"$(inherited)",
				);
				GCC_WARN_64_TO_32_BIT_CONVERSION = YES;
				GCC_WARN_ABOUT_RETURN_TYPE = YES_ERROR;
				GCC_WARN_UNDECLARED_SELECTOR = YES;
				GCC_WARN_UNINITIALIZED_AUTOS = YES_AGGRESSIVE;
				GCC_WARN_UNUSED_FUNCTION = YES;
				GCC_WARN_UNUSED_VARIABLE = YES;
				IPHONEOS_DEPLOYMENT_TARGET = 17.0;
				LOCALIZATION_PREFERS_STRING_CATALOGS = YES;
				MTL_ENABLE_DEBUG_INFO = INCLUDE_SOURCE;
				MTL_FAST_MATH = YES;
				ONLY_ACTIVE_ARCH = YES;
				SDKROOT = iphoneos;
				SWIFT_ACTIVE_COMPILATION_CONDITIONS = "DEBUG $(inherited)";
				SWIFT_OPTIMIZATION_LEVEL = "-Onone";
			};
			name = Debug;
		};
		D3122D172B1A243C001AB3CB /* Release */ = {
			isa = XCBuildConfiguration;
			buildSettings = {
				ALWAYS_SEARCH_USER_PATHS = NO;
				ASSETCATALOG_COMPILER_GENERATE_SWIFT_ASSET_SYMBOL_EXTENSIONS = YES;
				CLANG_ANALYZER_NONNULL = YES;
				CLANG_ANALYZER_NUMBER_OBJECT_CONVERSION = YES_AGGRESSIVE;
				CLANG_CXX_LANGUAGE_STANDARD = "gnu++20";
				CLANG_ENABLE_MODULES = YES;
				CLANG_ENABLE_OBJC_ARC = YES;
				CLANG_ENABLE_OBJC_WEAK = YES;
				CLANG_WARN_BLOCK_CAPTURE_AUTORELEASING = YES;
				CLANG_WARN_BOOL_CONVERSION = YES;
				CLANG_WARN_COMMA = YES;
				CLANG_WARN_CONSTANT_CONVERSION = YES;
				CLANG_WARN_DEPRECATED_OBJC_IMPLEMENTATIONS = YES;
				CLANG_WARN_DIRECT_OBJC_ISA_USAGE = YES_ERROR;
				CLANG_WARN_DOCUMENTATION_COMMENTS = YES;
				CLANG_WARN_EMPTY_BODY = YES;
				CLANG_WARN_ENUM_CONVERSION = YES;
				CLANG_WARN_INFINITE_RECURSION = YES;
				CLANG_WARN_INT_CONVERSION = YES;
				CLANG_WARN_NON_LITERAL_NULL_CONVERSION = YES;
				CLANG_WARN_OBJC_IMPLICIT_RETAIN_SELF = YES;
				CLANG_WARN_OBJC_LITERAL_CONVERSION = YES;
				CLANG_WARN_OBJC_ROOT_CLASS = YES_ERROR;
				CLANG_WARN_QUOTED_INCLUDE_IN_FRAMEWORK_HEADER = YES;
				CLANG_WARN_RANGE_LOOP_ANALYSIS = YES;
				CLANG_WARN_STRICT_PROTOTYPES = YES;
				CLANG_WARN_SUSPICIOUS_MOVE = YES;
				CLANG_WARN_UNGUARDED_AVAILABILITY = YES_AGGRESSIVE;
				CLANG_WARN_UNREACHABLE_CODE = YES;
				CLANG_WARN__DUPLICATE_METHOD_MATCH = YES;
				COPY_PHASE_STRIP = NO;
				DEBUG_INFORMATION_FORMAT = "dwarf-with-dsym";
				ENABLE_NS_ASSERTIONS = NO;
				ENABLE_STRICT_OBJC_MSGSEND = YES;
				ENABLE_USER_SCRIPT_SANDBOXING = NO;
				GCC_C_LANGUAGE_STANDARD = gnu17;
				GCC_NO_COMMON_BLOCKS = YES;
				GCC_WARN_64_TO_32_BIT_CONVERSION = YES;
				GCC_WARN_ABOUT_RETURN_TYPE = YES_ERROR;
				GCC_WARN_UNDECLARED_SELECTOR = YES;
				GCC_WARN_UNINITIALIZED_AUTOS = YES_AGGRESSIVE;
				GCC_WARN_UNUSED_FUNCTION = YES;
				GCC_WARN_UNUSED_VARIABLE = YES;
				IPHONEOS_DEPLOYMENT_TARGET = 17.0;
				LOCALIZATION_PREFERS_STRING_CATALOGS = YES;
				MTL_ENABLE_DEBUG_INFO = NO;
				MTL_FAST_MATH = YES;
				SDKROOT = iphoneos;
				SWIFT_COMPILATION_MODE = wholemodule;
				VALIDATE_PRODUCT = YES;
			};
			name = Release;
		};
		D3122D192B1A243C001AB3CB /* Debug */ = {
			isa = XCBuildConfiguration;
			baseConfigurationReference = F1C3804399527B9378714995 /* Pods-HearthstoneApp.debug.xcconfig */;
			buildSettings = {
				ASSETCATALOG_COMPILER_APPICON_NAME = AppIcon;
				ASSETCATALOG_COMPILER_GLOBAL_ACCENT_COLOR_NAME = AccentColor;
				CODE_SIGN_STYLE = Automatic;
				CURRENT_PROJECT_VERSION = 1;
				DEVELOPMENT_TEAM = GAQ2W7K69R;
				GENERATE_INFOPLIST_FILE = YES;
				INFOPLIST_FILE = HearthstoneApp/Info.plist;
				INFOPLIST_KEY_UIApplicationSupportsIndirectInputEvents = YES;
				INFOPLIST_KEY_UILaunchStoryboardName = LaunchScreen;
				INFOPLIST_KEY_UIMainStoryboardFile = "";
				INFOPLIST_KEY_UISupportedInterfaceOrientations = UIInterfaceOrientationPortrait;
				INFOPLIST_KEY_UISupportedInterfaceOrientations_iPad = "UIInterfaceOrientationLandscapeLeft UIInterfaceOrientationLandscapeRight UIInterfaceOrientationPortrait UIInterfaceOrientationPortraitUpsideDown";
				IPHONEOS_DEPLOYMENT_TARGET = 14.4;
				LD_RUNPATH_SEARCH_PATHS = (
					"$(inherited)",
					"@executable_path/Frameworks",
				);
				MARKETING_VERSION = 1.0;
				PRODUCT_BUNDLE_IDENTIFIER = com.edgar.dt.HearthstoneApp;
				PRODUCT_NAME = "$(TARGET_NAME)";
				SUPPORTED_PLATFORMS = "iphoneos iphonesimulator";
				SUPPORTS_MACCATALYST = NO;
				SUPPORTS_MAC_DESIGNED_FOR_IPHONE_IPAD = NO;
				SWIFT_EMIT_LOC_STRINGS = YES;
				SWIFT_VERSION = 5.0;
				TARGETED_DEVICE_FAMILY = 1;
			};
			name = Debug;
		};
		D3122D1A2B1A243C001AB3CB /* Release */ = {
			isa = XCBuildConfiguration;
			baseConfigurationReference = 546F11065A8737B06961543D /* Pods-HearthstoneApp.release.xcconfig */;
			buildSettings = {
				ASSETCATALOG_COMPILER_APPICON_NAME = AppIcon;
				ASSETCATALOG_COMPILER_GLOBAL_ACCENT_COLOR_NAME = AccentColor;
				CODE_SIGN_STYLE = Automatic;
				CURRENT_PROJECT_VERSION = 1;
				DEVELOPMENT_TEAM = GAQ2W7K69R;
				GENERATE_INFOPLIST_FILE = YES;
				INFOPLIST_FILE = HearthstoneApp/Info.plist;
				INFOPLIST_KEY_UIApplicationSupportsIndirectInputEvents = YES;
				INFOPLIST_KEY_UILaunchStoryboardName = LaunchScreen;
				INFOPLIST_KEY_UIMainStoryboardFile = "";
				INFOPLIST_KEY_UISupportedInterfaceOrientations = UIInterfaceOrientationPortrait;
				INFOPLIST_KEY_UISupportedInterfaceOrientations_iPad = "UIInterfaceOrientationLandscapeLeft UIInterfaceOrientationLandscapeRight UIInterfaceOrientationPortrait UIInterfaceOrientationPortraitUpsideDown";
				IPHONEOS_DEPLOYMENT_TARGET = 14.4;
				LD_RUNPATH_SEARCH_PATHS = (
					"$(inherited)",
					"@executable_path/Frameworks",
				);
				MARKETING_VERSION = 1.0;
				PRODUCT_BUNDLE_IDENTIFIER = com.edgar.dt.HearthstoneApp;
				PRODUCT_NAME = "$(TARGET_NAME)";
				SUPPORTED_PLATFORMS = "iphoneos iphonesimulator";
				SUPPORTS_MACCATALYST = NO;
				SUPPORTS_MAC_DESIGNED_FOR_IPHONE_IPAD = NO;
				SWIFT_EMIT_LOC_STRINGS = YES;
				SWIFT_VERSION = 5.0;
				TARGETED_DEVICE_FAMILY = 1;
			};
			name = Release;
		};
		D3122D1C2B1A243C001AB3CB /* Debug */ = {
			isa = XCBuildConfiguration;
			buildSettings = {
				ALWAYS_EMBED_SWIFT_STANDARD_LIBRARIES = YES;
				BUNDLE_LOADER = "$(TEST_HOST)";
				CLANG_ENABLE_MODULES = YES;
				CODE_SIGN_STYLE = Automatic;
				CURRENT_PROJECT_VERSION = 1;
				GENERATE_INFOPLIST_FILE = YES;
				IPHONEOS_DEPLOYMENT_TARGET = 17.0;
				MARKETING_VERSION = 1.0;
				PRODUCT_BUNDLE_IDENTIFIER = com.edgar.dt.HearthstoneAppTests;
				PRODUCT_NAME = "$(TARGET_NAME)";
				SWIFT_EMIT_LOC_STRINGS = NO;
				SWIFT_OPTIMIZATION_LEVEL = "-Onone";
				SWIFT_VERSION = 5.0;
				TARGETED_DEVICE_FAMILY = "1,2";
				TEST_HOST = "$(BUILT_PRODUCTS_DIR)/HearthstoneApp.app/$(BUNDLE_EXECUTABLE_FOLDER_PATH)/HearthstoneApp";
			};
			name = Debug;
		};
		D3122D1D2B1A243C001AB3CB /* Release */ = {
			isa = XCBuildConfiguration;
			buildSettings = {
				ALWAYS_EMBED_SWIFT_STANDARD_LIBRARIES = YES;
				BUNDLE_LOADER = "$(TEST_HOST)";
				CLANG_ENABLE_MODULES = YES;
				CODE_SIGN_STYLE = Automatic;
				CURRENT_PROJECT_VERSION = 1;
				GENERATE_INFOPLIST_FILE = YES;
				IPHONEOS_DEPLOYMENT_TARGET = 17.0;
				MARKETING_VERSION = 1.0;
				PRODUCT_BUNDLE_IDENTIFIER = com.edgar.dt.HearthstoneAppTests;
				PRODUCT_NAME = "$(TARGET_NAME)";
				SWIFT_EMIT_LOC_STRINGS = NO;
				SWIFT_VERSION = 5.0;
				TARGETED_DEVICE_FAMILY = "1,2";
				TEST_HOST = "$(BUILT_PRODUCTS_DIR)/HearthstoneApp.app/$(BUNDLE_EXECUTABLE_FOLDER_PATH)/HearthstoneApp";
			};
			name = Release;
		};
/* End XCBuildConfiguration section */

/* Begin XCConfigurationList section */
		D3122CE92B1A243A001AB3CB /* Build configuration list for PBXProject "HearthstoneApp" */ = {
			isa = XCConfigurationList;
			buildConfigurations = (
				D3122D162B1A243C001AB3CB /* Debug */,
				D3122D172B1A243C001AB3CB /* Release */,
			);
			defaultConfigurationIsVisible = 0;
			defaultConfigurationName = Release;
		};
		D3122D182B1A243C001AB3CB /* Build configuration list for PBXNativeTarget "HearthstoneApp" */ = {
			isa = XCConfigurationList;
			buildConfigurations = (
				D3122D192B1A243C001AB3CB /* Debug */,
				D3122D1A2B1A243C001AB3CB /* Release */,
			);
			defaultConfigurationIsVisible = 0;
			defaultConfigurationName = Release;
		};
		D3122D1B2B1A243C001AB3CB /* Build configuration list for PBXNativeTarget "HearthstoneAppTests" */ = {
			isa = XCConfigurationList;
			buildConfigurations = (
				D3122D1C2B1A243C001AB3CB /* Debug */,
				D3122D1D2B1A243C001AB3CB /* Release */,
			);
			defaultConfigurationIsVisible = 0;
			defaultConfigurationName = Release;
		};
/* End XCConfigurationList section */

/* Begin XCRemoteSwiftPackageReference section */
		D3122D232B1A25F8001AB3CB /* XCRemoteSwiftPackageReference "firebase-ios-sdk" */ = {
			isa = XCRemoteSwiftPackageReference;
			repositoryURL = "https://github.com/firebase/firebase-ios-sdk";
			requirement = {
				kind = upToNextMajorVersion;
				minimumVersion = 10.18.0;
			};
		};
/* End XCRemoteSwiftPackageReference section */

/* Begin XCSwiftPackageProductDependency section */
		D3122D272B1A2C49001AB3CB /* FirebaseAuth */ = {
			isa = XCSwiftPackageProductDependency;
			package = D3122D232B1A25F8001AB3CB /* XCRemoteSwiftPackageReference "firebase-ios-sdk" */;
			productName = FirebaseAuth;
		};
		D3C81A742B1A5D4D006802EB /* FirebaseFirestore */ = {
			isa = XCSwiftPackageProductDependency;
			package = D3122D232B1A25F8001AB3CB /* XCRemoteSwiftPackageReference "firebase-ios-sdk" */;
			productName = FirebaseFirestore;
		};
/* End XCSwiftPackageProductDependency section */
	};
	rootObject = D3122CE62B1A243A001AB3CB /* Project object */;
}
